// !$*UTF8*$!
{
	archiveVersion = 1;
	classes = {
	};
	objectVersion = 50;
	objects = {

/* Begin PBXBuildFile section */
		1A2C98BC72F25E2CB2066E56 /* Pods_GOS.framework in Frameworks */ = {isa = PBXBuildFile; fileRef = 6C4314C6AC64CFF619F684E5 /* Pods_GOS.framework */; };
		720CFDDB21021791002ABF5C /* DetailViewController.swift in Sources */ = {isa = PBXBuildFile; fileRef = 720CFDDA21021791002ABF5C /* DetailViewController.swift */; };
		721217E2210F04C800BFFC54 /* LikeDetailViewController.swift in Sources */ = {isa = PBXBuildFile; fileRef = 721217E1210F04C800BFFC54 /* LikeDetailViewController.swift */; };
		7214482A211AE2A50040F7F3 /* LikeReplyTableViewCell.swift in Sources */ = {isa = PBXBuildFile; fileRef = 72144829211AE2A50040F7F3 /* LikeReplyTableViewCell.swift */; };
		72478B4D21132B0D00E92378 /* MyWriteEditViewController.swift in Sources */ = {isa = PBXBuildFile; fileRef = 72478B4C21132B0D00E92378 /* MyWriteEditViewController.swift */; };
		72478B4F2113410300E92378 /* AttendantViewController.swift in Sources */ = {isa = PBXBuildFile; fileRef = 72478B4E2113410300E92378 /* AttendantViewController.swift */; };
		72478B532113421000E92378 /* AttendantCell.swift in Sources */ = {isa = PBXBuildFile; fileRef = 72478B522113421000E92378 /* AttendantCell.swift */; };
		724F9C8520F7710C0098D872 /* AppDelegate.swift in Sources */ = {isa = PBXBuildFile; fileRef = 724F9C8420F7710C0098D872 /* AppDelegate.swift */; };
		724F9C8A20F7710C0098D872 /* Main.storyboard in Resources */ = {isa = PBXBuildFile; fileRef = 724F9C8820F7710C0098D872 /* Main.storyboard */; };
		724F9C8C20F7710E0098D872 /* Assets.xcassets in Resources */ = {isa = PBXBuildFile; fileRef = 724F9C8B20F7710E0098D872 /* Assets.xcassets */; };
		724F9C8F20F7710E0098D872 /* LaunchScreen.storyboard in Resources */ = {isa = PBXBuildFile; fileRef = 724F9C8D20F7710E0098D872 /* LaunchScreen.storyboard */; };
		7260A6A4210F841C00399FC0 /* MyScheduleDetailViewController.swift in Sources */ = {isa = PBXBuildFile; fileRef = 7260A6A3210F841C00399FC0 /* MyScheduleDetailViewController.swift */; };
		7260A6A6210F842F00399FC0 /* MyProfileDetailViewController.swift in Sources */ = {isa = PBXBuildFile; fileRef = 7260A6A5210F842F00399FC0 /* MyProfileDetailViewController.swift */; };
		7286BD2720F88A19005622CE /* RecruitCellCollectionViewCell.swift in Sources */ = {isa = PBXBuildFile; fileRef = 7286BD2620F88A19005622CE /* RecruitCellCollectionViewCell.swift */; };
		7293721E211982F300C5A372 /* ReplyTableViewCell.swift in Sources */ = {isa = PBXBuildFile; fileRef = 7293721D211982F300C5A372 /* ReplyTableViewCell.swift */; };
		72E83B6F211B0B4C00045AA0 /* MyReplyTableViewCell.swift in Sources */ = {isa = PBXBuildFile; fileRef = 72E83B6E211B0B4C00045AA0 /* MyReplyTableViewCell.swift */; };
		72EDBE6920F8A1AB007E1473 /* HomeViewController.swift in Sources */ = {isa = PBXBuildFile; fileRef = 72EDBE6820F8A1AB007E1473 /* HomeViewController.swift */; };
		72EDBE6B20F8A3AD007E1473 /* FavoriteController.swift in Sources */ = {isa = PBXBuildFile; fileRef = 72EDBE6A20F8A3AD007E1473 /* FavoriteController.swift */; };
		72EDBE6D20FA52ED007E1473 /* GoogleService-Info.plist in Resources */ = {isa = PBXBuildFile; fileRef = 72EDBE6C20FA52ED007E1473 /* GoogleService-Info.plist */; };
		72EDBE6F20FA57F8007E1473 /* FavoriteTableViewCell.swift in Sources */ = {isa = PBXBuildFile; fileRef = 72EDBE6E20FA57F8007E1473 /* FavoriteTableViewCell.swift */; };
		72EDBE7120FA5CC1007E1473 /* AddViewController.swift in Sources */ = {isa = PBXBuildFile; fileRef = 72EDBE7020FA5CC1007E1473 /* AddViewController.swift */; };
		72EDBE7320FB79B4007E1473 /* ProfileViewController.swift in Sources */ = {isa = PBXBuildFile; fileRef = 72EDBE7220FB79B4007E1473 /* ProfileViewController.swift */; };
		72EDBE7520FB8391007E1473 /* ProfileTableViewCell.swift in Sources */ = {isa = PBXBuildFile; fileRef = 72EDBE7420FB8391007E1473 /* ProfileTableViewCell.swift */; };
		72EDBE7720FB99C9007E1473 /* AuthViewController.swift in Sources */ = {isa = PBXBuildFile; fileRef = 72EDBE7620FB99C9007E1473 /* AuthViewController.swift */; };
		72EDBE7920FB99E5007E1473 /* JoinViewController.swift in Sources */ = {isa = PBXBuildFile; fileRef = 72EDBE7820FB99E5007E1473 /* JoinViewController.swift */; };
/* End PBXBuildFile section */

/* Begin PBXFileReference section */
		6C4314C6AC64CFF619F684E5 /* Pods_GOS.framework */ = {isa = PBXFileReference; explicitFileType = wrapper.framework; includeInIndex = 0; path = Pods_GOS.framework; sourceTree = BUILT_PRODUCTS_DIR; };
		720CFDDA21021791002ABF5C /* DetailViewController.swift */ = {isa = PBXFileReference; lastKnownFileType = sourcecode.swift; path = DetailViewController.swift; sourceTree = "<group>"; };
		721217E1210F04C800BFFC54 /* LikeDetailViewController.swift */ = {isa = PBXFileReference; lastKnownFileType = sourcecode.swift; path = LikeDetailViewController.swift; sourceTree = "<group>"; };
		72144829211AE2A50040F7F3 /* LikeReplyTableViewCell.swift */ = {isa = PBXFileReference; lastKnownFileType = sourcecode.swift; path = LikeReplyTableViewCell.swift; sourceTree = "<group>"; };
		72478B4C21132B0D00E92378 /* MyWriteEditViewController.swift */ = {isa = PBXFileReference; lastKnownFileType = sourcecode.swift; path = MyWriteEditViewController.swift; sourceTree = "<group>"; };
		72478B4E2113410300E92378 /* AttendantViewController.swift */ = {isa = PBXFileReference; lastKnownFileType = sourcecode.swift; path = AttendantViewController.swift; sourceTree = "<group>"; };
		72478B522113421000E92378 /* AttendantCell.swift */ = {isa = PBXFileReference; lastKnownFileType = sourcecode.swift; path = AttendantCell.swift; sourceTree = "<group>"; };
		724F9C8120F7710C0098D872 /* GOS.app */ = {isa = PBXFileReference; explicitFileType = wrapper.application; includeInIndex = 0; path = GOS.app; sourceTree = BUILT_PRODUCTS_DIR; };
		724F9C8420F7710C0098D872 /* AppDelegate.swift */ = {isa = PBXFileReference; lastKnownFileType = sourcecode.swift; path = AppDelegate.swift; sourceTree = "<group>"; };
		724F9C8920F7710C0098D872 /* Base */ = {isa = PBXFileReference; lastKnownFileType = file.storyboard; name = Base; path = Base.lproj/Main.storyboard; sourceTree = "<group>"; };
		724F9C8B20F7710E0098D872 /* Assets.xcassets */ = {isa = PBXFileReference; lastKnownFileType = folder.assetcatalog; path = Assets.xcassets; sourceTree = "<group>"; };
		724F9C8E20F7710E0098D872 /* Base */ = {isa = PBXFileReference; lastKnownFileType = file.storyboard; name = Base; path = Base.lproj/LaunchScreen.storyboard; sourceTree = "<group>"; };
		724F9C9020F7710E0098D872 /* Info.plist */ = {isa = PBXFileReference; lastKnownFileType = text.plist.xml; path = Info.plist; sourceTree = "<group>"; };
		7260A6A3210F841C00399FC0 /* MyScheduleDetailViewController.swift */ = {isa = PBXFileReference; lastKnownFileType = sourcecode.swift; path = MyScheduleDetailViewController.swift; sourceTree = "<group>"; };
		7260A6A5210F842F00399FC0 /* MyProfileDetailViewController.swift */ = {isa = PBXFileReference; lastKnownFileType = sourcecode.swift; path = MyProfileDetailViewController.swift; sourceTree = "<group>"; };
		7286BD2620F88A19005622CE /* RecruitCellCollectionViewCell.swift */ = {isa = PBXFileReference; lastKnownFileType = sourcecode.swift; path = RecruitCellCollectionViewCell.swift; sourceTree = "<group>"; };
		7293721D211982F300C5A372 /* ReplyTableViewCell.swift */ = {isa = PBXFileReference; lastKnownFileType = sourcecode.swift; path = ReplyTableViewCell.swift; sourceTree = "<group>"; };
		72E83B6E211B0B4C00045AA0 /* MyReplyTableViewCell.swift */ = {isa = PBXFileReference; lastKnownFileType = sourcecode.swift; path = MyReplyTableViewCell.swift; sourceTree = "<group>"; };
		72EDBE6820F8A1AB007E1473 /* HomeViewController.swift */ = {isa = PBXFileReference; lastKnownFileType = sourcecode.swift; path = HomeViewController.swift; sourceTree = "<group>"; };
		72EDBE6A20F8A3AD007E1473 /* FavoriteController.swift */ = {isa = PBXFileReference; lastKnownFileType = sourcecode.swift; path = FavoriteController.swift; sourceTree = "<group>"; };
		72EDBE6C20FA52ED007E1473 /* GoogleService-Info.plist */ = {isa = PBXFileReference; fileEncoding = 4; lastKnownFileType = text.plist.xml; path = "GoogleService-Info.plist"; sourceTree = "<group>"; };
		72EDBE6E20FA57F8007E1473 /* FavoriteTableViewCell.swift */ = {isa = PBXFileReference; lastKnownFileType = sourcecode.swift; path = FavoriteTableViewCell.swift; sourceTree = "<group>"; };
		72EDBE7020FA5CC1007E1473 /* AddViewController.swift */ = {isa = PBXFileReference; lastKnownFileType = sourcecode.swift; path = AddViewController.swift; sourceTree = "<group>"; };
		72EDBE7220FB79B4007E1473 /* ProfileViewController.swift */ = {isa = PBXFileReference; lastKnownFileType = sourcecode.swift; path = ProfileViewController.swift; sourceTree = "<group>"; };
		72EDBE7420FB8391007E1473 /* ProfileTableViewCell.swift */ = {isa = PBXFileReference; lastKnownFileType = sourcecode.swift; path = ProfileTableViewCell.swift; sourceTree = "<group>"; };
		72EDBE7620FB99C9007E1473 /* AuthViewController.swift */ = {isa = PBXFileReference; lastKnownFileType = sourcecode.swift; path = AuthViewController.swift; sourceTree = "<group>"; };
		72EDBE7820FB99E5007E1473 /* JoinViewController.swift */ = {isa = PBXFileReference; lastKnownFileType = sourcecode.swift; path = JoinViewController.swift; sourceTree = "<group>"; };
		773601783E3318778AB00FF8 /* Pods-GOS.debug.xcconfig */ = {isa = PBXFileReference; includeInIndex = 1; lastKnownFileType = text.xcconfig; name = "Pods-GOS.debug.xcconfig"; path = "Pods/Target Support Files/Pods-GOS/Pods-GOS.debug.xcconfig"; sourceTree = "<group>"; };
		99BC1E78F0EF905876FB749B /* Pods-GOS.release.xcconfig */ = {isa = PBXFileReference; includeInIndex = 1; lastKnownFileType = text.xcconfig; name = "Pods-GOS.release.xcconfig"; path = "Pods/Target Support Files/Pods-GOS/Pods-GOS.release.xcconfig"; sourceTree = "<group>"; };
/* End PBXFileReference section */

/* Begin PBXFrameworksBuildPhase section */
		724F9C7E20F7710C0098D872 /* Frameworks */ = {
			isa = PBXFrameworksBuildPhase;
			buildActionMask = 2147483647;
			files = (
				1A2C98BC72F25E2CB2066E56 /* Pods_GOS.framework in Frameworks */,
			);
			runOnlyForDeploymentPostprocessing = 0;
		};
/* End PBXFrameworksBuildPhase section */

/* Begin PBXGroup section */
		4F52977C56308E222B386FB4 /* Pods */ = {
			isa = PBXGroup;
			children = (
				773601783E3318778AB00FF8 /* Pods-GOS.debug.xcconfig */,
				99BC1E78F0EF905876FB749B /* Pods-GOS.release.xcconfig */,
			);
			name = Pods;
			sourceTree = "<group>";
		};
		724F9C7820F7710C0098D872 = {
			isa = PBXGroup;
			children = (
				724F9C8320F7710C0098D872 /* GOS */,
				724F9C8220F7710C0098D872 /* Products */,
				4F52977C56308E222B386FB4 /* Pods */,
				BEBB5DBB88BB73A0A848157C /* Frameworks */,
			);
			sourceTree = "<group>";
		};
		724F9C8220F7710C0098D872 /* Products */ = {
			isa = PBXGroup;
			children = (
				724F9C8120F7710C0098D872 /* GOS.app */,
			);
			name = Products;
			sourceTree = "<group>";
		};
		724F9C8320F7710C0098D872 /* GOS */ = {
			isa = PBXGroup;
			children = (
				72EDBE6C20FA52ED007E1473 /* GoogleService-Info.plist */,
				724F9C8420F7710C0098D872 /* AppDelegate.swift */,
				724F9C8820F7710C0098D872 /* Main.storyboard */,
				724F9C8B20F7710E0098D872 /* Assets.xcassets */,
				724F9C8D20F7710E0098D872 /* LaunchScreen.storyboard */,
				724F9C9020F7710E0098D872 /* Info.plist */,
				7286BD2620F88A19005622CE /* RecruitCellCollectionViewCell.swift */,
				72EDBE6820F8A1AB007E1473 /* HomeViewController.swift */,
				72EDBE6A20F8A3AD007E1473 /* FavoriteController.swift */,
				72EDBE6E20FA57F8007E1473 /* FavoriteTableViewCell.swift */,
				72EDBE7020FA5CC1007E1473 /* AddViewController.swift */,
				72EDBE7220FB79B4007E1473 /* ProfileViewController.swift */,
				72EDBE7420FB8391007E1473 /* ProfileTableViewCell.swift */,
				72EDBE7620FB99C9007E1473 /* AuthViewController.swift */,
				72EDBE7820FB99E5007E1473 /* JoinViewController.swift */,
				720CFDDA21021791002ABF5C /* DetailViewController.swift */,
				721217E1210F04C800BFFC54 /* LikeDetailViewController.swift */,
				7260A6A3210F841C00399FC0 /* MyScheduleDetailViewController.swift */,
				7260A6A5210F842F00399FC0 /* MyProfileDetailViewController.swift */,
				72478B4C21132B0D00E92378 /* MyWriteEditViewController.swift */,
				72478B4E2113410300E92378 /* AttendantViewController.swift */,
				72478B522113421000E92378 /* AttendantCell.swift */,
				7293721D211982F300C5A372 /* ReplyTableViewCell.swift */,
				72144829211AE2A50040F7F3 /* LikeReplyTableViewCell.swift */,
				72E83B6E211B0B4C00045AA0 /* MyReplyTableViewCell.swift */,
			);
			path = GOS;
			sourceTree = "<group>";
		};
		BEBB5DBB88BB73A0A848157C /* Frameworks */ = {
			isa = PBXGroup;
			children = (
				6C4314C6AC64CFF619F684E5 /* Pods_GOS.framework */,
			);
			name = Frameworks;
			sourceTree = "<group>";
		};
/* End PBXGroup section */

/* Begin PBXNativeTarget section */
		724F9C8020F7710C0098D872 /* GOS */ = {
			isa = PBXNativeTarget;
			buildConfigurationList = 724F9C9320F7710E0098D872 /* Build configuration list for PBXNativeTarget "GOS" */;
			buildPhases = (
				500852239F1FD5478EEF173A /* [CP] Check Pods Manifest.lock */,
				724F9C7D20F7710C0098D872 /* Sources */,
				724F9C7E20F7710C0098D872 /* Frameworks */,
				724F9C7F20F7710C0098D872 /* Resources */,
				B93568B533ACD1582627A0ED /* [CP] Embed Pods Frameworks */,
			);
			buildRules = (
			);
			dependencies = (
			);
			name = GOS;
			productName = GOS;
			productReference = 724F9C8120F7710C0098D872 /* GOS.app */;
			productType = "com.apple.product-type.application";
		};
/* End PBXNativeTarget section */

/* Begin PBXProject section */
		724F9C7920F7710C0098D872 /* Project object */ = {
			isa = PBXProject;
			attributes = {
				LastSwiftUpdateCheck = 1000;
				LastUpgradeCheck = 1000;
				ORGANIZATIONNAME = "Byungdoo Han";
				TargetAttributes = {
					724F9C8020F7710C0098D872 = {
						CreatedOnToolsVersion = 10.0;
					};
				};
			};
			buildConfigurationList = 724F9C7C20F7710C0098D872 /* Build configuration list for PBXProject "GOS" */;
			compatibilityVersion = "Xcode 9.3";
			developmentRegion = en;
			hasScannedForEncodings = 0;
			knownRegions = (
				en,
				Base,
			);
			mainGroup = 724F9C7820F7710C0098D872;
			productRefGroup = 724F9C8220F7710C0098D872 /* Products */;
			projectDirPath = "";
			projectRoot = "";
			targets = (
				724F9C8020F7710C0098D872 /* GOS */,
			);
		};
/* End PBXProject section */

/* Begin PBXResourcesBuildPhase section */
		724F9C7F20F7710C0098D872 /* Resources */ = {
			isa = PBXResourcesBuildPhase;
			buildActionMask = 2147483647;
			files = (
				724F9C8F20F7710E0098D872 /* LaunchScreen.storyboard in Resources */,
				72EDBE6D20FA52ED007E1473 /* GoogleService-Info.plist in Resources */,
				724F9C8C20F7710E0098D872 /* Assets.xcassets in Resources */,
				724F9C8A20F7710C0098D872 /* Main.storyboard in Resources */,
			);
			runOnlyForDeploymentPostprocessing = 0;
		};
/* End PBXResourcesBuildPhase section */

/* Begin PBXShellScriptBuildPhase section */
		500852239F1FD5478EEF173A /* [CP] Check Pods Manifest.lock */ = {
			isa = PBXShellScriptBuildPhase;
			buildActionMask = 2147483647;
			files = (
			);
			inputPaths = (
				"${PODS_PODFILE_DIR_PATH}/Podfile.lock",
				"${PODS_ROOT}/Manifest.lock",
			);
			name = "[CP] Check Pods Manifest.lock";
			outputPaths = (
				"$(DERIVED_FILE_DIR)/Pods-GOS-checkManifestLockResult.txt",
			);
			runOnlyForDeploymentPostprocessing = 0;
			shellPath = /bin/sh;
			shellScript = "diff \"${PODS_PODFILE_DIR_PATH}/Podfile.lock\" \"${PODS_ROOT}/Manifest.lock\" > /dev/null\nif [ $? != 0 ] ; then\n    # print error to STDERR\n    echo \"error: The sandbox is not in sync with the Podfile.lock. Run 'pod install' or update your CocoaPods installation.\" >&2\n    exit 1\nfi\n# This output is used by Xcode 'outputs' to avoid re-running this script phase.\necho \"SUCCESS\" > \"${SCRIPT_OUTPUT_FILE_0}\"\n";
			showEnvVarsInLog = 0;
		};
		B93568B533ACD1582627A0ED /* [CP] Embed Pods Frameworks */ = {
			isa = PBXShellScriptBuildPhase;
			buildActionMask = 2147483647;
			files = (
			);
			inputPaths = (
				"${SRCROOT}/Pods/Target Support Files/Pods-GOS/Pods-GOS-frameworks.sh",
				"${BUILT_PRODUCTS_DIR}/GTMSessionFetcher/GTMSessionFetcher.framework",
				"${BUILT_PRODUCTS_DIR}/GoogleToolboxForMac/GoogleToolboxForMac.framework",
				"${BUILT_PRODUCTS_DIR}/UITextView+Placeholder/UITextView_Placeholder.framework",
				"${BUILT_PRODUCTS_DIR}/leveldb-library/leveldb.framework",
				"${BUILT_PRODUCTS_DIR}/nanopb/nanopb.framework",
			);
			name = "[CP] Embed Pods Frameworks";
			outputPaths = (
				"${TARGET_BUILD_DIR}/${FRAMEWORKS_FOLDER_PATH}/GTMSessionFetcher.framework",
				"${TARGET_BUILD_DIR}/${FRAMEWORKS_FOLDER_PATH}/GoogleToolboxForMac.framework",
				"${TARGET_BUILD_DIR}/${FRAMEWORKS_FOLDER_PATH}/UITextView_Placeholder.framework",
				"${TARGET_BUILD_DIR}/${FRAMEWORKS_FOLDER_PATH}/leveldb.framework",
				"${TARGET_BUILD_DIR}/${FRAMEWORKS_FOLDER_PATH}/nanopb.framework",
			);
			runOnlyForDeploymentPostprocessing = 0;
			shellPath = /bin/sh;
			shellScript = "\"${SRCROOT}/Pods/Target Support Files/Pods-GOS/Pods-GOS-frameworks.sh\"\n";
			showEnvVarsInLog = 0;
		};
/* End PBXShellScriptBuildPhase section */

/* Begin PBXSourcesBuildPhase section */
		724F9C7D20F7710C0098D872 /* Sources */ = {
			isa = PBXSourcesBuildPhase;
			buildActionMask = 2147483647;
			files = (
				720CFDDB21021791002ABF5C /* DetailViewController.swift in Sources */,
				7260A6A6210F842F00399FC0 /* MyProfileDetailViewController.swift in Sources */,
				72478B532113421000E92378 /* AttendantCell.swift in Sources */,
				7286BD2720F88A19005622CE /* RecruitCellCollectionViewCell.swift in Sources */,
				72EDBE7520FB8391007E1473 /* ProfileTableViewCell.swift in Sources */,
				72EDBE6F20FA57F8007E1473 /* FavoriteTableViewCell.swift in Sources */,
				721217E2210F04C800BFFC54 /* LikeDetailViewController.swift in Sources */,
				72EDBE7120FA5CC1007E1473 /* AddViewController.swift in Sources */,
				724F9C8520F7710C0098D872 /* AppDelegate.swift in Sources */,
				7214482A211AE2A50040F7F3 /* LikeReplyTableViewCell.swift in Sources */,
				72EDBE7320FB79B4007E1473 /* ProfileViewController.swift in Sources */,
				72EDBE6920F8A1AB007E1473 /* HomeViewController.swift in Sources */,
				72478B4F2113410300E92378 /* AttendantViewController.swift in Sources */,
				72478B4D21132B0D00E92378 /* MyWriteEditViewController.swift in Sources */,
				72EDBE7720FB99C9007E1473 /* AuthViewController.swift in Sources */,
				7293721E211982F300C5A372 /* ReplyTableViewCell.swift in Sources */,
				72EDBE7920FB99E5007E1473 /* JoinViewController.swift in Sources */,
				72EDBE6B20F8A3AD007E1473 /* FavoriteController.swift in Sources */,
				72E83B6F211B0B4C00045AA0 /* MyReplyTableViewCell.swift in Sources */,
				7260A6A4210F841C00399FC0 /* MyScheduleDetailViewController.swift in Sources */,
			);
			runOnlyForDeploymentPostprocessing = 0;
		};
/* End PBXSourcesBuildPhase section */

/* Begin PBXVariantGroup section */
		724F9C8820F7710C0098D872 /* Main.storyboard */ = {
			isa = PBXVariantGroup;
			children = (
				724F9C8920F7710C0098D872 /* Base */,
			);
			name = Main.storyboard;
			sourceTree = "<group>";
		};
		724F9C8D20F7710E0098D872 /* LaunchScreen.storyboard */ = {
			isa = PBXVariantGroup;
			children = (
				724F9C8E20F7710E0098D872 /* Base */,
			);
			name = LaunchScreen.storyboard;
			sourceTree = "<group>";
		};
/* End PBXVariantGroup section */

/* Begin XCBuildConfiguration section */
		724F9C9120F7710E0098D872 /* Debug */ = {
			isa = XCBuildConfiguration;
			buildSettings = {
				ALWAYS_SEARCH_USER_PATHS = NO;
				CLANG_ANALYZER_NONNULL = YES;
				CLANG_ANALYZER_NUMBER_OBJECT_CONVERSION = YES_AGGRESSIVE;
				CLANG_CXX_LANGUAGE_STANDARD = "gnu++14";
				CLANG_CXX_LIBRARY = "libc++";
				CLANG_ENABLE_MODULES = YES;
				CLANG_ENABLE_OBJC_ARC = YES;
				CLANG_ENABLE_OBJC_WEAK = YES;
				CLANG_WARN_BLOCK_CAPTURE_AUTORELEASING = YES;
				CLANG_WARN_BOOL_CONVERSION = YES;
				CLANG_WARN_COMMA = YES;
				CLANG_WARN_CONSTANT_CONVERSION = YES;
				CLANG_WARN_DEPRECATED_OBJC_IMPLEMENTATIONS = YES;
				CLANG_WARN_DIRECT_OBJC_ISA_USAGE = YES_ERROR;
				CLANG_WARN_DOCUMENTATION_COMMENTS = YES;
				CLANG_WARN_EMPTY_BODY = YES;
				CLANG_WARN_ENUM_CONVERSION = YES;
				CLANG_WARN_INFINITE_RECURSION = YES;
				CLANG_WARN_INT_CONVERSION = YES;
				CLANG_WARN_NON_LITERAL_NULL_CONVERSION = YES;
				CLANG_WARN_OBJC_IMPLICIT_RETAIN_SELF = YES;
				CLANG_WARN_OBJC_LITERAL_CONVERSION = YES;
				CLANG_WARN_OBJC_ROOT_CLASS = YES_ERROR;
				CLANG_WARN_RANGE_LOOP_ANALYSIS = YES;
				CLANG_WARN_STRICT_PROTOTYPES = YES;
				CLANG_WARN_SUSPICIOUS_MOVE = YES;
				CLANG_WARN_UNGUARDED_AVAILABILITY = YES_AGGRESSIVE;
				CLANG_WARN_UNREACHABLE_CODE = YES;
				CLANG_WARN__DUPLICATE_METHOD_MATCH = YES;
				CODE_SIGN_IDENTITY = "iPhone Developer";
				COPY_PHASE_STRIP = NO;
				DEBUG_INFORMATION_FORMAT = dwarf;
				ENABLE_STRICT_OBJC_MSGSEND = YES;
				ENABLE_TESTABILITY = YES;
				GCC_C_LANGUAGE_STANDARD = gnu11;
				GCC_DYNAMIC_NO_PIC = NO;
				GCC_NO_COMMON_BLOCKS = YES;
				GCC_OPTIMIZATION_LEVEL = 0;
				GCC_PREPROCESSOR_DEFINITIONS = (
					"DEBUG=1",
					"$(inherited)",
				);
				GCC_WARN_64_TO_32_BIT_CONVERSION = YES;
				GCC_WARN_ABOUT_RETURN_TYPE = YES_ERROR;
				GCC_WARN_UNDECLARED_SELECTOR = YES;
				GCC_WARN_UNINITIALIZED_AUTOS = YES_AGGRESSIVE;
				GCC_WARN_UNUSED_FUNCTION = YES;
				GCC_WARN_UNUSED_VARIABLE = YES;
				IPHONEOS_DEPLOYMENT_TARGET = 12.0;
				MTL_ENABLE_DEBUG_INFO = INCLUDE_SOURCE;
				ONLY_ACTIVE_ARCH = YES;
				SDKROOT = iphoneos;
				SWIFT_ACTIVE_COMPILATION_CONDITIONS = DEBUG;
				SWIFT_OPTIMIZATION_LEVEL = "-Onone";
			};
			name = Debug;
		};
		724F9C9220F7710E0098D872 /* Release */ = {
			isa = XCBuildConfiguration;
			buildSettings = {
				ALWAYS_SEARCH_USER_PATHS = NO;
				CLANG_ANALYZER_NONNULL = YES;
				CLANG_ANALYZER_NUMBER_OBJECT_CONVERSION = YES_AGGRESSIVE;
				CLANG_CXX_LANGUAGE_STANDARD = "gnu++14";
				CLANG_CXX_LIBRARY = "libc++";
				CLANG_ENABLE_MODULES = YES;
				CLANG_ENABLE_OBJC_ARC = YES;
				CLANG_ENABLE_OBJC_WEAK = YES;
				CLANG_WARN_BLOCK_CAPTURE_AUTORELEASING = YES;
				CLANG_WARN_BOOL_CONVERSION = YES;
				CLANG_WARN_COMMA = YES;
				CLANG_WARN_CONSTANT_CONVERSION = YES;
				CLANG_WARN_DEPRECATED_OBJC_IMPLEMENTATIONS = YES;
				CLANG_WARN_DIRECT_OBJC_ISA_USAGE = YES_ERROR;
				CLANG_WARN_DOCUMENTATION_COMMENTS = YES;
				CLANG_WARN_EMPTY_BODY = YES;
				CLANG_WARN_ENUM_CONVERSION = YES;
				CLANG_WARN_INFINITE_RECURSION = YES;
				CLANG_WARN_INT_CONVERSION = YES;
				CLANG_WARN_NON_LITERAL_NULL_CONVERSION = YES;
				CLANG_WARN_OBJC_IMPLICIT_RETAIN_SELF = YES;
				CLANG_WARN_OBJC_LITERAL_CONVERSION = YES;
				CLANG_WARN_OBJC_ROOT_CLASS = YES_ERROR;
				CLANG_WARN_RANGE_LOOP_ANALYSIS = YES;
				CLANG_WARN_STRICT_PROTOTYPES = YES;
				CLANG_WARN_SUSPICIOUS_MOVE = YES;
				CLANG_WARN_UNGUARDED_AVAILABILITY = YES_AGGRESSIVE;
				CLANG_WARN_UNREACHABLE_CODE = YES;
				CLANG_WARN__DUPLICATE_METHOD_MATCH = YES;
				CODE_SIGN_IDENTITY = "iPhone Developer";
				COPY_PHASE_STRIP = NO;
				DEBUG_INFORMATION_FORMAT = "dwarf-with-dsym";
				ENABLE_NS_ASSERTIONS = NO;
				ENABLE_STRICT_OBJC_MSGSEND = YES;
				GCC_C_LANGUAGE_STANDARD = gnu11;
				GCC_NO_COMMON_BLOCKS = YES;
				GCC_WARN_64_TO_32_BIT_CONVERSION = YES;
				GCC_WARN_ABOUT_RETURN_TYPE = YES_ERROR;
				GCC_WARN_UNDECLARED_SELECTOR = YES;
				GCC_WARN_UNINITIALIZED_AUTOS = YES_AGGRESSIVE;
				GCC_WARN_UNUSED_FUNCTION = YES;
				GCC_WARN_UNUSED_VARIABLE = YES;
				IPHONEOS_DEPLOYMENT_TARGET = 12.0;
				MTL_ENABLE_DEBUG_INFO = NO;
				SDKROOT = iphoneos;
				SWIFT_COMPILATION_MODE = wholemodule;
				SWIFT_OPTIMIZATION_LEVEL = "-O";
				VALIDATE_PRODUCT = YES;
			};
			name = Release;
		};
		724F9C9420F7710E0098D872 /* Debug */ = {
			isa = XCBuildConfiguration;
			baseConfigurationReference = 773601783E3318778AB00FF8 /* Pods-GOS.debug.xcconfig */;
			buildSettings = {
				ASSETCATALOG_COMPILER_APPICON_NAME = AppIcon;
				CODE_SIGN_STYLE = Automatic;
				DEVELOPMENT_TEAM = 226VAZJ4DZ;
				INFOPLIST_FILE = GOS/Info.plist;
				LD_RUNPATH_SEARCH_PATHS = (
					"$(inherited)",
					"@executable_path/Frameworks",
				);
				PRODUCT_BUNDLE_IDENTIFIER = com.HBD.GOS;
				PRODUCT_NAME = "$(TARGET_NAME)";
				SWIFT_VERSION = 4.2;
				TARGETED_DEVICE_FAMILY = "1,2";
			};
			name = Debug;
		};
		724F9C9520F7710E0098D872 /* Release */ = {
			isa = XCBuildConfiguration;
			baseConfigurationReference = 99BC1E78F0EF905876FB749B /* Pods-GOS.release.xcconfig */;
			buildSettings = {
				ASSETCATALOG_COMPILER_APPICON_NAME = AppIcon;
				CODE_SIGN_STYLE = Automatic;
				DEVELOPMENT_TEAM = 226VAZJ4DZ;
				INFOPLIST_FILE = GOS/Info.plist;
				LD_RUNPATH_SEARCH_PATHS = (
					"$(inherited)",
					"@executable_path/Frameworks",
				);
				PRODUCT_BUNDLE_IDENTIFIER = com.HBD.GOS;
				PRODUCT_NAME = "$(TARGET_NAME)";
				SWIFT_VERSION = 4.2;
				TARGETED_DEVICE_FAMILY = "1,2";
			};
			name = Release;
		};
/* End XCBuildConfiguration section */

/* Begin XCConfigurationList section */
		724F9C7C20F7710C0098D872 /* Build configuration list for PBXProject "GOS" */ = {
			isa = XCConfigurationList;
			buildConfigurations = (
				724F9C9120F7710E0098D872 /* Debug */,
				724F9C9220F7710E0098D872 /* Release */,
			);
			defaultConfigurationIsVisible = 0;
			defaultConfigurationName = Release;
		};
		724F9C9320F7710E0098D872 /* Build configuration list for PBXNativeTarget "GOS" */ = {
			isa = XCConfigurationList;
			buildConfigurations = (
				724F9C9420F7710E0098D872 /* Debug */,
				724F9C9520F7710E0098D872 /* Release */,
			);
			defaultConfigurationIsVisible = 0;
			defaultConfigurationName = Release;
		};
/* End XCConfigurationList section */
	};
	rootObject = 724F9C7920F7710C0098D872 /* Project object */;
}
